
Microsoft Visual Studio Solution File, Format Version 12.00
# Visual Studio Version 16
VisualStudioVersion = 16.0.30114.105
MinimumVisualStudioVersion = 10.0.40219.1
Project("{2150E333-8FDC-42A3-9474-1A3956D46DE8}") = "src", "src", "{0F5DF87B-A8D6-49A6-BA17-71310E8FF9B9}"
EndProject
Project("{FAE04EC0-301F-11D3-BF4B-00C04F79EFBC}") = "CommentsApp.Core", "src\CommentsApp.Core\CommentsApp.Core.csproj", "{770F8B1F-A3A2-4631-AD71-84D4F5A13DC9}"
EndProject
Project("{FAE04EC0-301F-11D3-BF4B-00C04F79EFBC}") = "CommentsApp.RestAPI", "src\CommentsApp.RestAPI\CommentsApp.RestAPI.csproj", "{D481AEEC-6AC5-494C-9B38-B13744C0B8F2}"
EndProject
Project("{FAE04EC0-301F-11D3-BF4B-00C04F79EFBC}") = "CommentsApp.DB", "src\CommentsApp.DB\CommentsApp.DB.csproj", "{FC545A2B-CF93-4A21-8CAC-F7AB6C337F8F}"
EndProject
Global
	GlobalSection(SolutionConfigurationPlatforms) = preSolution
		Debug|Any CPU = Debug|Any CPU
		Release|Any CPU = Release|Any CPU
	EndGlobalSection
	GlobalSection(SolutionProperties) = preSolution
		HideSolutionNode = FALSE
	EndGlobalSection
	GlobalSection(ProjectConfigurationPlatforms) = postSolution
		{770F8B1F-A3A2-4631-AD71-84D4F5A13DC9}.Debug|Any CPU.ActiveCfg = Debug|Any CPU
		{770F8B1F-A3A2-4631-AD71-84D4F5A13DC9}.Debug|Any CPU.Build.0 = Debug|Any CPU
		{770F8B1F-A3A2-4631-AD71-84D4F5A13DC9}.Release|Any CPU.ActiveCfg = Release|Any CPU
		{770F8B1F-A3A2-4631-AD71-84D4F5A13DC9}.Release|Any CPU.Build.0 = Release|Any CPU
		{D481AEEC-6AC5-494C-9B38-B13744C0B8F2}.Debug|Any CPU.ActiveCfg = Debug|Any CPU
		{D481AEEC-6AC5-494C-9B38-B13744C0B8F2}.Debug|Any CPU.Build.0 = Debug|Any CPU
		{D481AEEC-6AC5-494C-9B38-B13744C0B8F2}.Release|Any CPU.ActiveCfg = Release|Any CPU
		{D481AEEC-6AC5-494C-9B38-B13744C0B8F2}.Release|Any CPU.Build.0 = Release|Any CPU
		{FC545A2B-CF93-4A21-8CAC-F7AB6C337F8F}.Debug|Any CPU.ActiveCfg = Debug|Any CPU
		{FC545A2B-CF93-4A21-8CAC-F7AB6C337F8F}.Debug|Any CPU.Build.0 = Debug|Any CPU
		{FC545A2B-CF93-4A21-8CAC-F7AB6C337F8F}.Release|Any CPU.ActiveCfg = Release|Any CPU
		{FC545A2B-CF93-4A21-8CAC-F7AB6C337F8F}.Release|Any CPU.Build.0 = Release|Any CPU
	EndGlobalSection
	GlobalSection(NestedProjects) = preSolution
		{770F8B1F-A3A2-4631-AD71-84D4F5A13DC9} = {0F5DF87B-A8D6-49A6-BA17-71310E8FF9B9}
		{D481AEEC-6AC5-494C-9B38-B13744C0B8F2} = {0F5DF87B-A8D6-49A6-BA17-71310E8FF9B9}
		{FC545A2B-CF93-4A21-8CAC-F7AB6C337F8F} = {0F5DF87B-A8D6-49A6-BA17-71310E8FF9B9}
	EndGlobalSection
EndGlobal
